
Microsoft Visual Studio Solution File, Format Version 12.00
# Visual Studio Version 16
VisualStudioVersion = 16.0.29215.179
MinimumVisualStudioVersion = 10.0.40219.1
Project("{9A19103F-16F7-4668-BE54-9A1E7A4F7556}") = "AkaneCapture", "AkaneCapture\AkaneCapture.csproj", "{E6860EAF-F7B0-48D2-9C62-755D54504E8C}"
EndProject
Project("{2150E333-8FDC-42A3-9474-1A3956D46DE8}") = "Solution Items", "Solution Items", "{FEEBA012-2D12-46CB-BBFF-2E2A663B72AC}"
	ProjectSection(SolutionItems) = preProject
		..\.gitignore = ..\.gitignore
		..\LICENSE = ..\LICENSE
		..\README.md = ..\README.md
	EndProjectSection
EndProject
Global
	GlobalSection(SolutionConfigurationPlatforms) = preSolution
		Debug|Any CPU = Debug|Any CPU
		Debug|x64 = Debug|x64
		Release|Any CPU = Release|Any CPU
		Release|x64 = Release|x64
	EndGlobalSection
	GlobalSection(ProjectConfigurationPlatforms) = postSolution
		{E6860EAF-F7B0-48D2-9C62-755D54504E8C}.Debug|Any CPU.ActiveCfg = Debug|x64
		{E6860EAF-F7B0-48D2-9C62-755D54504E8C}.Debug|x64.ActiveCfg = Debug|x64
		{E6860EAF-F7B0-48D2-9C62-755D54504E8C}.Debug|x64.Build.0 = Debug|x64
		{E6860EAF-F7B0-48D2-9C62-755D54504E8C}.Release|Any CPU.ActiveCfg = Release|x64
		{E6860EAF-F7B0-48D2-9C62-755D54504E8C}.Release|x64.ActiveCfg = Release|x64
		{E6860EAF-F7B0-48D2-9C62-755D54504E8C}.Release|x64.Build.0 = Release|x64
	EndGlobalSection
	GlobalSection(SolutionProperties) = preSolution
		HideSolutionNode = FALSE
	EndGlobalSection
	GlobalSection(ExtensibilityGlobals) = postSolution
		SolutionGuid = {4E3A43EC-0173-4562-A1C5-6AD5925D0BAA}
	EndGlobalSection
EndGlobal
